<?xml version="1.0" encoding="utf-8"?>
<Project ToolsVersion="4.0" xmlns="http://schemas.microsoft.com/developer/msbuild/2003">
  <ItemGroup>
    <Filter Include="kitsune">
      <UniqueIdentifier>{68D6B82D-D4B5-37C9-DDCD-C29F492C9E2A}</UniqueIdentifier>
    </Filter>
    <Filter Include="kitsune\event">
      <UniqueIdentifier>{D9953281-4556-AEB7-0E91-F7347A10F393}</UniqueIdentifier>
    </Filter>
  </ItemGroup>
  <ItemGroup>
    <ClInclude Include="src\Kitsune.h" />
    <ClInclude Include="src\kitsune\application.h">
      <Filter>kitsune</Filter>
    </ClInclude>
    <ClInclude Include="src\kitsune\console.h">
      <Filter>kitsune</Filter>
    </ClInclude>
    <ClInclude Include="src\kitsune\core.h">
      <Filter>kitsune</Filter>
    </ClInclude>
    <ClInclude Include="src\kitsune\entery_point.h">
      <Filter>kitsune</Filter>
    </ClInclude>
    <ClInclude Include="src\kitsune\event\application_event.h">
      <Filter>kitsune\event</Filter>
    </ClInclude>
    <ClInclude Include="src\kitsune\event\event.h">
      <Filter>kitsune\event</Filter>
    </ClInclude>
    <ClInclude Include="src\kitsune_pch.h" />
    <ClInclude Include="src\kitsune\window.h" />
    <ClInclude Include="src\platform\windows_window.h" />
    <ClInclude Include="src\kitsune\event\key_event.h" />
    <ClInclude Include="src\kitsune\core\key_codes.h" />
    <ClInclude Include="src\kitsune\core\mouse_code.h" />
    <ClInclude Include="src\kitsune\event\mouse_event.h" />
  </ItemGroup>
  <ItemGroup>
    <ClCompile Include="src\kitsune\application.cpp">
      <Filter>kitsune</Filter>
    </ClCompile>
    <ClCompile Include="src\kitsune\console.cpp">
      <Filter>kitsune</Filter>
    </ClCompile>
    <ClCompile Include="src\kitsune_pch.cpp" />
    <ClCompile Include="src\platform\windows_window.cpp" />
    <ClCompile Include="src\kitsune\event\event.cpp" />
  </ItemGroup>
</Project>